<?xml version="1.0" encoding="utf-8"?>
<Project ToolsVersion="4.0" xmlns="http://schemas.microsoft.com/developer/msbuild/2003">
  <ItemGroup>
    <Filter Include="win32">
      <UniqueIdentifier>{84a8ebd7-7cf0-47f6-b75e-d441df67da40}</UniqueIdentifier>
    </Filter>
    <Filter Include="Classes">
      <UniqueIdentifier>{bb6c862e-70e9-49d9-81b7-3829a6f50471}</UniqueIdentifier>
    </Filter>
    <Filter Include="resource">
      <UniqueIdentifier>{715254bc-d70b-4ec5-bf29-467dd3ace079}</UniqueIdentifier>
    </Filter>
    <Filter Include="Classes\BaseUI">
      <UniqueIdentifier>{3245c531-6e8f-41bd-ac66-70484d645107}</UniqueIdentifier>
    </Filter>
    <Filter Include="Classes\UI">
      <UniqueIdentifier>{4a68596b-5fcb-4b4f-a0cf-f253fd78570f}</UniqueIdentifier>
    </Filter>
    <Filter Include="Classes\Actor">
      <UniqueIdentifier>{6fde3292-a344-4024-94db-7dc3ca2ee0f2}</UniqueIdentifier>
    </Filter>
    <Filter Include="Classes\Building">
      <UniqueIdentifier>{71820c49-a57a-4f46-add1-0bd280038936}</UniqueIdentifier>
    </Filter>
    <Filter Include="Classes\Scene">
      <UniqueIdentifier>{0281fd37-89f1-4175-b387-fc2d8c289293}</UniqueIdentifier>
    </Filter>
    <Filter Include="Classes\Effect">
      <UniqueIdentifier>{cc5f6031-8fdb-497f-898f-bdfa4ad1fc7a}</UniqueIdentifier>
    </Filter>
    <Filter Include="Classes\Sound">
      <UniqueIdentifier>{6607e806-2d2f-43c3-8f15-c33d161db247}</UniqueIdentifier>
    </Filter>
    <Filter Include="Classes\Common">
      <UniqueIdentifier>{386ae539-f269-456a-9dea-44057e44460e}</UniqueIdentifier>
    </Filter>
    <Filter Include="Classes\Data">
      <UniqueIdentifier>{2fd3cbc7-9e6a-46bd-bd6b-8030867c7aa1}</UniqueIdentifier>
    </Filter>
    <Filter Include="Classes\Game">
      <UniqueIdentifier>{41b81c09-fea0-49fc-b46e-5b92cb5d57e7}</UniqueIdentifier>
    </Filter>
    <Filter Include="Classes\Game\AI">
      <UniqueIdentifier>{972b8c32-0c46-4a05-975c-db8636fb2208}</UniqueIdentifier>
    </Filter>
    <Filter Include="Classes\Game\Attack&amp;Shield">
      <UniqueIdentifier>{71a04397-ba03-441b-936b-8e92ff528862}</UniqueIdentifier>
    </Filter>
    <Filter Include="Classes\Game\DebugClass">
      <UniqueIdentifier>{245533e3-fa5a-4033-9b5e-568f25416de4}</UniqueIdentifier>
    </Filter>
    <Filter Include="Classes\Game\Skill">
      <UniqueIdentifier>{74c6b09c-29f2-4a49-b4f7-1d29cffbb005}</UniqueIdentifier>
    </Filter>
    <Filter Include="Classes\Game\AI\atom">
      <UniqueIdentifier>{005d65bd-bbc3-4aa0-93b4-d7a75fa4e897}</UniqueIdentifier>
    </Filter>
    <Filter Include="Classes\Game\AI\composite">
      <UniqueIdentifier>{831d6c84-1209-4cb7-9d97-d5d1e2d726d9}</UniqueIdentifier>
    </Filter>
    <Filter Include="Classes\Game\AI\evaluation">
      <UniqueIdentifier>{9da11b7b-3a24-488d-94f0-328c7c7fca93}</UniqueIdentifier>
    </Filter>
    <Filter Include="Classes\Game\AI\IM">
      <UniqueIdentifier>{00a14fc8-2ab2-4c36-8358-3f911da2df3f}</UniqueIdentifier>
    </Filter>
    <Filter Include="Classes\Game\Map">
      <UniqueIdentifier>{fe317075-2ef3-4152-8d30-30d7065f0de3}</UniqueIdentifier>
    </Filter>
    <Filter Include="Classes\GameStatus">
      <UniqueIdentifier>{65dd4efd-f66e-4f4c-99fc-3a9c536793af}</UniqueIdentifier>
    </Filter>
    <Filter Include="Classes\Career">
      <UniqueIdentifier>{cb1e8bbf-e58a-4634-9818-555a77cc77a5}</UniqueIdentifier>
    </Filter>
    <Filter Include="Classes\City">
      <UniqueIdentifier>{f06b6669-6115-4ebd-8ea9-2a9d5ad71c93}</UniqueIdentifier>
    </Filter>
    <Filter Include="Classes\Village">
      <UniqueIdentifier>{47099139-6d20-4c66-b12c-c7c2b139ece8}</UniqueIdentifier>
    </Filter>
  </ItemGroup>
  <ItemGroup>
    <ClCompile Include="main.cpp">
      <Filter>win32</Filter>
    </ClCompile>
    <ClCompile Include="..\Classes\AppDelegate.cpp">
      <Filter>Classes</Filter>
    </ClCompile>
    <ClCompile Include="..\Classes\HelloWorldScene.cpp">
      <Filter>Classes</Filter>
    </ClCompile>
    <ClCompile Include="..\Classes\BaseUI\ProgressBar.cpp">
      <Filter>Classes\BaseUI</Filter>
    </ClCompile>
    <ClCompile Include="..\Classes\Common\CommonMethod.cpp">
      <Filter>Classes\Common</Filter>
    </ClCompile>
    <ClCompile Include="..\Classes\Sound\SoundManager.cpp">
      <Filter>Classes\Sound</Filter>
    </ClCompile>
    <ClCompile Include="..\Classes\ResDef.cpp">
      <Filter>Classes</Filter>
    </ClCompile>
    <ClCompile Include="..\Classes\Scene\GameMainLayer.cpp">
      <Filter>Classes\Scene</Filter>
    </ClCompile>
    <ClCompile Include="..\Classes\Scene\GameScene.cpp">
      <Filter>Classes\Scene</Filter>
    </ClCompile>
    <ClCompile Include="..\Classes\Scene\GameManager.cpp">
      <Filter>Classes\Scene</Filter>
    </ClCompile>
    <ClCompile Include="..\Classes\Game\ChunkMap.cpp">
      <Filter>Classes\Game\Map</Filter>
    </ClCompile>
    <ClCompile Include="..\Classes\Game\GameInfluenceMap.cpp">
      <Filter>Classes\Game\AI\IM</Filter>
    </ClCompile>
    <ClCompile Include="..\Classes\Game\SoldierPF.cpp">
      <Filter>Classes\Game\AI\IM</Filter>
    </ClCompile>
    <ClCompile Include="..\Classes\Game\AttackData.cpp">
      <Filter>Classes\Game\Attack&amp;Shield</Filter>
    </ClCompile>
    <ClCompile Include="..\Classes\Game\AttackDataManager.cpp">
      <Filter>Classes\Game\Attack&amp;Shield</Filter>
    </ClCompile>
    <ClCompile Include="..\Classes\Game\AttackDesc.cpp">
      <Filter>Classes\Game\Attack&amp;Shield</Filter>
    </ClCompile>
    <ClCompile Include="..\Classes\Game\AttackRange_Cross.cpp">
      <Filter>Classes\Game\Attack&amp;Shield</Filter>
    </ClCompile>
    <ClCompile Include="..\Classes\Game\AttackRange_H.cpp">
      <Filter>Classes\Game\Attack&amp;Shield</Filter>
    </ClCompile>
    <ClCompile Include="..\Classes\Game\AttackRange_Quad.cpp">
      <Filter>Classes\Game\Attack&amp;Shield</Filter>
    </ClCompile>
    <ClCompile Include="..\Classes\Game\AttackRange_Round.cpp">
      <Filter>Classes\Game\Attack&amp;Shield</Filter>
    </ClCompile>
    <ClCompile Include="..\Classes\Game\AttackRange_V.cpp">
      <Filter>Classes\Game\Attack&amp;Shield</Filter>
    </ClCompile>
    <ClCompile Include="..\Classes\Game\AttackRangeCreater.cpp">
      <Filter>Classes\Game\Attack&amp;Shield</Filter>
    </ClCompile>
    <ClCompile Include="..\Classes\Game\AttackSystem.cpp">
      <Filter>Classes\Game\Attack&amp;Shield</Filter>
    </ClCompile>
    <ClCompile Include="..\Classes\Game\ShieldData.cpp">
      <Filter>Classes\Game\Attack&amp;Shield</Filter>
    </ClCompile>
    <ClCompile Include="..\Classes\Game\ShieldDataManager.cpp">
      <Filter>Classes\Game\Attack&amp;Shield</Filter>
    </ClCompile>
    <ClCompile Include="..\Classes\Game\ShieldSystem.cpp">
      <Filter>Classes\Game\Attack&amp;Shield</Filter>
    </ClCompile>
    <ClCompile Include="..\Classes\Game\Camp.cpp">
      <Filter>Classes\Game</Filter>
    </ClCompile>
    <ClCompile Include="..\Classes\Game\CommonFunc.cpp">
      <Filter>Classes\Game</Filter>
    </ClCompile>
    <ClCompile Include="..\Classes\Game\CreatureBase.cpp">
      <Filter>Classes\Game</Filter>
    </ClCompile>
    <ClCompile Include="..\Classes\Game\GeomorphologyCreater.cpp">
      <Filter>Classes\Game</Filter>
    </ClCompile>
    <ClCompile Include="..\Classes\Game\Soldier.cpp">
      <Filter>Classes\Game</Filter>
    </ClCompile>
    <ClCompile Include="..\Classes\Game\SoldierFeature.cpp">
      <Filter>Classes\Game</Filter>
    </ClCompile>
    <ClCompile Include="..\Classes\Game\SoldierManager.cpp">
      <Filter>Classes\Game</Filter>
    </ClCompile>
    <ClCompile Include="..\Classes\Game\Goal_Attack.cpp">
      <Filter>Classes\Game\AI\atom</Filter>
    </ClCompile>
    <ClCompile Include="..\Classes\Game\Goal_MoveStep.cpp">
      <Filter>Classes\Game\AI\atom</Filter>
    </ClCompile>
    <ClCompile Include="..\Classes\Game\ExploreGoal_Evaluator.cpp">
      <Filter>Classes\Game\AI\evaluation</Filter>
    </ClCompile>
    <ClCompile Include="..\Classes\Game\AttackTargetGoal_Evaluator.cpp">
      <Filter>Classes\Game\AI\evaluation</Filter>
    </ClCompile>
    <ClCompile Include="..\Classes\Game\Goal_AttackTarget.cpp">
      <Filter>Classes\Game\AI\composite</Filter>
    </ClCompile>
    <ClCompile Include="..\Classes\Game\Goal_Explore.cpp">
      <Filter>Classes\Game\AI\composite</Filter>
    </ClCompile>
    <ClCompile Include="..\Classes\Game\Goal_FollowPath.cpp">
      <Filter>Classes\Game\AI\composite</Filter>
    </ClCompile>
    <ClCompile Include="..\Classes\Game\Goal_MoveToPosition.cpp">
      <Filter>Classes\Game\AI\composite</Filter>
    </ClCompile>
    <ClCompile Include="..\Classes\Game\Goal_SoldierThink.cpp">
      <Filter>Classes\Game\AI\composite</Filter>
    </ClCompile>
    <ClCompile Include="..\Classes\Game\TargetingSystem.cpp">
      <Filter>Classes\Game\AI</Filter>
    </ClCompile>
    <ClCompile Include="..\Classes\Game\Analyzer.cpp">
      <Filter>Classes\Game\AI</Filter>
    </ClCompile>
    <ClCompile Include="..\Classes\Game\Skill\BaseSkill.cpp">
      <Filter>Classes\Game\Skill</Filter>
    </ClCompile>
    <ClCompile Include="..\Classes\Game\Skill\SkillFactory.cpp">
      <Filter>Classes\Game\Skill</Filter>
    </ClCompile>
    <ClCompile Include="..\Classes\Game\Skill\SkillSystem.cpp">
      <Filter>Classes\Game\Skill</Filter>
    </ClCompile>
    <ClCompile Include="..\Classes\Actor\EnemyManager.cpp">
      <Filter>Classes\Actor</Filter>
    </ClCompile>
    <ClCompile Include="..\Classes\Actor\NPCManager.cpp">
      <Filter>Classes\Actor</Filter>
    </ClCompile>
    <ClCompile Include="..\Classes\Actor\PlayerManager.cpp">
      <Filter>Classes\Actor</Filter>
    </ClCompile>
    <ClCompile Include="..\Classes\Data\SaveData.cpp">
      <Filter>Classes\Data</Filter>
    </ClCompile>
    <ClCompile Include="..\Classes\UI\LogoUI.cpp">
      <Filter>Classes\UI</Filter>
    </ClCompile>
    <ClCompile Include="..\Classes\UI\TitleUI.cpp">
      <Filter>Classes\UI</Filter>
    </ClCompile>
    <ClCompile Include="..\Classes\GameStatus\GameStates.cpp">
      <Filter>Classes\GameStatus</Filter>
    </ClCompile>
    <ClCompile Include="..\Classes\Actor\Actor.cpp">
      <Filter>Classes\Actor</Filter>
    </ClCompile>
    <ClCompile Include="..\Classes\Actor\Hero.cpp">
      <Filter>Classes\Actor</Filter>
    </ClCompile>
    <ClCompile Include="..\Classes\Career\CareerBase.cpp">
      <Filter>Classes\Career</Filter>
    </ClCompile>
    <ClCompile Include="..\Classes\City\City.cpp">
      <Filter>Classes\City</Filter>
    </ClCompile>
    <ClCompile Include="..\Classes\Village\Village.cpp">
      <Filter>Classes\Village</Filter>
    </ClCompile>
    <ClCompile Include="..\Classes\Actor\Monster.cpp">
      <Filter>Classes\Actor</Filter>
    </ClCompile>
    <ClCompile Include="..\Classes\Data\TableData.cpp">
      <Filter>Classes\Data</Filter>
    </ClCompile>
    <ClCompile Include="..\Classes\Data\TableManager.cpp">
      <Filter>Classes\Data</Filter>
    </ClCompile>
    <ClCompile Include="..\Classes\Game\MapManager.cpp">
      <Filter>Classes\Game\Map</Filter>
    </ClCompile>
    <ClCompile Include="..\Classes\Game\MapNodeData.cpp">
      <Filter>Classes\Game\Map</Filter>
    </ClCompile>
  </ItemGroup>
  <ItemGroup>
    <ClInclude Include="main.h">
      <Filter>win32</Filter>
    </ClInclude>
    <ClInclude Include="..\Classes\AppDelegate.h">
      <Filter>Classes</Filter>
    </ClInclude>
    <ClInclude Include="..\Classes\HelloWorldScene.h">
      <Filter>Classes</Filter>
    </ClInclude>
    <ClInclude Include="..\Classes\BaseUI\ProgressBar.h">
      <Filter>Classes\BaseUI</Filter>
    </ClInclude>
    <ClInclude Include="..\Classes\Common\CommonMethod.h">
      <Filter>Classes\Common</Filter>
    </ClInclude>
    <ClInclude Include="..\Classes\Sound\SoundManager.h">
      <Filter>Classes\Sound</Filter>
    </ClInclude>
    <ClInclude Include="..\Classes\ResDef.h">
      <Filter>Classes</Filter>
    </ClInclude>
    <ClInclude Include="..\Classes\Scene\GameMainLayer.h">
      <Filter>Classes\Scene</Filter>
    </ClInclude>
    <ClInclude Include="..\Classes\Scene\GameScene.h">
      <Filter>Classes\Scene</Filter>
    </ClInclude>
    <ClInclude Include="..\Classes\Scene\GameManager.h">
      <Filter>Classes\Scene</Filter>
    </ClInclude>
    <ClInclude Include="..\Classes\Game\ChunkMap.h">
      <Filter>Classes\Game\Map</Filter>
    </ClInclude>
    <ClInclude Include="..\Classes\Game\GameInfluenceMap.h">
      <Filter>Classes\Game\AI\IM</Filter>
    </ClInclude>
    <ClInclude Include="..\Classes\Game\SoldierPF.h">
      <Filter>Classes\Game\AI\IM</Filter>
    </ClInclude>
    <ClInclude Include="..\Classes\Game\AttackData.h">
      <Filter>Classes\Game\Attack&amp;Shield</Filter>
    </ClInclude>
    <ClInclude Include="..\Classes\Game\AttackDataManager.h">
      <Filter>Classes\Game\Attack&amp;Shield</Filter>
    </ClInclude>
    <ClInclude Include="..\Classes\Game\AttackDesc.h">
      <Filter>Classes\Game\Attack&amp;Shield</Filter>
    </ClInclude>
    <ClInclude Include="..\Classes\Game\AttackRange.h">
      <Filter>Classes\Game\Attack&amp;Shield</Filter>
    </ClInclude>
    <ClInclude Include="..\Classes\Game\AttackRange_Cross.h">
      <Filter>Classes\Game\Attack&amp;Shield</Filter>
    </ClInclude>
    <ClInclude Include="..\Classes\Game\AttackRange_H.h">
      <Filter>Classes\Game\Attack&amp;Shield</Filter>
    </ClInclude>
    <ClInclude Include="..\Classes\Game\AttackRange_Quad.h">
      <Filter>Classes\Game\Attack&amp;Shield</Filter>
    </ClInclude>
    <ClInclude Include="..\Classes\Game\AttackRange_Round.h">
      <Filter>Classes\Game\Attack&amp;Shield</Filter>
    </ClInclude>
    <ClInclude Include="..\Classes\Game\AttackRange_V.h">
      <Filter>Classes\Game\Attack&amp;Shield</Filter>
    </ClInclude>
    <ClInclude Include="..\Classes\Game\AttackRangeCreater.h">
      <Filter>Classes\Game\Attack&amp;Shield</Filter>
    </ClInclude>
    <ClInclude Include="..\Classes\Game\AttackSystem.h">
      <Filter>Classes\Game\Attack&amp;Shield</Filter>
    </ClInclude>
    <ClInclude Include="..\Classes\Game\ShieldData.h">
      <Filter>Classes\Game\Attack&amp;Shield</Filter>
    </ClInclude>
    <ClInclude Include="..\Classes\Game\ShieldDataManager.h">
      <Filter>Classes\Game\Attack&amp;Shield</Filter>
    </ClInclude>
    <ClInclude Include="..\Classes\Game\ShieldSystem.h">
      <Filter>Classes\Game\Attack&amp;Shield</Filter>
    </ClInclude>
    <ClInclude Include="..\Classes\Game\Camp.h">
      <Filter>Classes\Game</Filter>
    </ClInclude>
    <ClInclude Include="..\Classes\Game\CommonFunc.h">
      <Filter>Classes\Game</Filter>
    </ClInclude>
    <ClInclude Include="..\Classes\Game\CreatureBase.h">
      <Filter>Classes\Game</Filter>
    </ClInclude>
    <ClInclude Include="..\Classes\Game\GeomorphologyCreater.h">
      <Filter>Classes\Game</Filter>
    </ClInclude>
    <ClInclude Include="..\Classes\Game\Regulator.h">
      <Filter>Classes\Game</Filter>
    </ClInclude>
    <ClInclude Include="..\Classes\Game\Soldier.h">
      <Filter>Classes\Game</Filter>
    </ClInclude>
    <ClInclude Include="..\Classes\Game\SoldierFeature.h">
      <Filter>Classes\Game</Filter>
    </ClInclude>
    <ClInclude Include="..\Classes\Game\SoldierManager.h">
      <Filter>Classes\Game</Filter>
    </ClInclude>
    <ClInclude Include="..\Classes\Game\Goal_Attack.h">
      <Filter>Classes\Game\AI\atom</Filter>
    </ClInclude>
    <ClInclude Include="..\Classes\Game\Goal_MoveStep.h">
      <Filter>Classes\Game\AI\atom</Filter>
    </ClInclude>
    <ClInclude Include="..\Classes\Game\ExploreGoal_Evaluator.h">
      <Filter>Classes\Game\AI\evaluation</Filter>
    </ClInclude>
    <ClInclude Include="..\Classes\Game\Goal_Evaluator.h">
      <Filter>Classes\Game\AI\evaluation</Filter>
    </ClInclude>
    <ClInclude Include="..\Classes\Game\AttackTargetGoal_Evaluator.h">
      <Filter>Classes\Game\AI\evaluation</Filter>
    </ClInclude>
    <ClInclude Include="..\Classes\Game\Goal_AttackTarget.h">
      <Filter>Classes\Game\AI\composite</Filter>
    </ClInclude>
    <ClInclude Include="..\Classes\Game\Goal_Explore.h">
      <Filter>Classes\Game\AI\composite</Filter>
    </ClInclude>
    <ClInclude Include="..\Classes\Game\Goal_FollowPath.h">
      <Filter>Classes\Game\AI\composite</Filter>
    </ClInclude>
    <ClInclude Include="..\Classes\Game\Goal_MoveToPosition.h">
      <Filter>Classes\Game\AI\composite</Filter>
    </ClInclude>
    <ClInclude Include="..\Classes\Game\Goal_SoldierThink.h">
      <Filter>Classes\Game\AI\composite</Filter>
    </ClInclude>
    <ClInclude Include="..\Classes\Game\Goal_Type.h">
      <Filter>Classes\Game\AI</Filter>
    </ClInclude>
    <ClInclude Include="..\Classes\Game\TargetingSystem.h">
      <Filter>Classes\Game\AI</Filter>
    </ClInclude>
    <ClInclude Include="..\Classes\Game\Msg_Type.h">
      <Filter>Classes\Game\AI</Filter>
    </ClInclude>
    <ClInclude Include="..\Classes\Game\Analyzer.h">
      <Filter>Classes\Game\AI</Filter>
    </ClInclude>
    <ClInclude Include="..\Classes\Game\Skill\BaseSkill.h">
      <Filter>Classes\Game\Skill</Filter>
    </ClInclude>
    <ClInclude Include="..\Classes\Game\Skill\SkillFactory.h">
      <Filter>Classes\Game\Skill</Filter>
    </ClInclude>
    <ClInclude Include="..\Classes\Game\Skill\SkillSystem.h">
      <Filter>Classes\Game\Skill</Filter>
    </ClInclude>
    <ClInclude Include="..\Classes\Actor\EnemyManager.h">
      <Filter>Classes\Actor</Filter>
    </ClInclude>
    <ClInclude Include="..\Classes\Actor\NPCManager.h">
      <Filter>Classes\Actor</Filter>
    </ClInclude>
    <ClInclude Include="..\Classes\Actor\PlayerManager.h">
      <Filter>Classes\Actor</Filter>
    </ClInclude>
    <ClInclude Include="..\Classes\Data\SaveData.h">
      <Filter>Classes\Data</Filter>
    </ClInclude>
    <ClInclude Include="..\Classes\UI\LogoUI.h">
      <Filter>Classes\UI</Filter>
    </ClInclude>
    <ClInclude Include="..\Classes\UI\TitleUI.h">
      <Filter>Classes\UI</Filter>
    </ClInclude>
    <ClInclude Include="..\Classes\GameStatus\GameStates.h">
      <Filter>Classes\GameStatus</Filter>
    </ClInclude>
    <ClInclude Include="..\Classes\Actor\Actor.h">
      <Filter>Classes\Actor</Filter>
    </ClInclude>
    <ClInclude Include="..\Classes\Actor\Hero.h">
      <Filter>Classes\Actor</Filter>
    </ClInclude>
    <ClInclude Include="..\Classes\Career\CareerBase.h">
      <Filter>Classes\Career</Filter>
    </ClInclude>
    <ClInclude Include="..\Classes\City\City.h">
      <Filter>Classes\City</Filter>
    </ClInclude>
    <ClInclude Include="..\Classes\Village\Village.h">
      <Filter>Classes\Village</Filter>
    </ClInclude>
    <ClInclude Include="..\Classes\Actor\Monster.h">
      <Filter>Classes\Actor</Filter>
    </ClInclude>
    <ClInclude Include="..\Classes\Data\TableData.h">
      <Filter>Classes\Data</Filter>
    </ClInclude>
    <ClInclude Include="..\Classes\Data\TableManager.h">
      <Filter>Classes\Data</Filter>
    </ClInclude>
    <ClInclude Include="..\Classes\Game\MapManager.h">
      <Filter>Classes\Game\Map</Filter>
    </ClInclude>
    <ClInclude Include="..\Classes\Game\MapNodeData.h">
      <Filter>Classes\Game\Map</Filter>
    </ClInclude>
  </ItemGroup>
  <ItemGroup>
    <ResourceCompile Include="game.rc">
      <Filter>resource</Filter>
    </ResourceCompile>
  </ItemGroup>
</Project>